// !$*UTF8*$!
{
	archiveVersion = 1;
	classes = {
	};
	objectVersion = 55;
	objects = {

/* Begin PBXBuildFile section */
		A412C87927632C0500900985 /* DataManager.m in Sources */ = {isa = PBXBuildFile; fileRef = A412C87827632C0500900985 /* DataManager.m */; };
		A412C87C27632FBA00900985 /* CategoryDataItem.m in Sources */ = {isa = PBXBuildFile; fileRef = A412C87B27632FBA00900985 /* CategoryDataItem.m */; };
		A412C87F2763337600900985 /* ObjectDataItem.m in Sources */ = {isa = PBXBuildFile; fileRef = A412C87E2763337600900985 /* ObjectDataItem.m */; };
		A412C88227634BDC00900985 /* DataModel.xcdatamodeld in Sources */ = {isa = PBXBuildFile; fileRef = A412C88027634BDC00900985 /* DataModel.xcdatamodeld */; };
		A4E807C12761D3F5001E6D37 /* AppDelegate.m in Sources */ = {isa = PBXBuildFile; fileRef = A4E807C02761D3F5001E6D37 /* AppDelegate.m */; };
		A4E807C42761D3F5001E6D37 /* SceneDelegate.m in Sources */ = {isa = PBXBuildFile; fileRef = A4E807C32761D3F5001E6D37 /* SceneDelegate.m */; };
		A4E807C72761D3F5001E6D37 /* HomeViewController.m in Sources */ = {isa = PBXBuildFile; fileRef = A4E807C62761D3F5001E6D37 /* HomeViewController.m */; };
		A4E807CC2761D3F6001E6D37 /* Assets.xcassets in Resources */ = {isa = PBXBuildFile; fileRef = A4E807CB2761D3F6001E6D37 /* Assets.xcassets */; };
		A4E807CF2761D3F6001E6D37 /* LaunchScreen.storyboard in Resources */ = {isa = PBXBuildFile; fileRef = A4E807CD2761D3F6001E6D37 /* LaunchScreen.storyboard */; };
		A4E807D22761D3F6001E6D37 /* main.m in Sources */ = {isa = PBXBuildFile; fileRef = A4E807D12761D3F6001E6D37 /* main.m */; };
		BB2CBC17E1AC6A7886E2CB3B /* libPods-What's In.a in Frameworks */ = {isa = PBXBuildFile; fileRef = 10CF6C799D0E54768297B892 /* libPods-What's In.a */; };
/* End PBXBuildFile section */

/* Begin PBXFileReference section */
		10CF6C799D0E54768297B892 /* libPods-What's In.a */ = {isa = PBXFileReference; explicitFileType = archive.ar; includeInIndex = 0; path = "libPods-What's In.a"; sourceTree = BUILT_PRODUCTS_DIR; };
		252049017C07C11A911F637E /* Pods-What's In.debug.xcconfig */ = {isa = PBXFileReference; includeInIndex = 1; lastKnownFileType = text.xcconfig; name = "Pods-What's In.debug.xcconfig"; path = "Target Support Files/Pods-What's In/Pods-What's In.debug.xcconfig"; sourceTree = "<group>"; };
		A412C8762763238600900985 /* Location.gpx */ = {isa = PBXFileReference; lastKnownFileType = text.xml; path = Location.gpx; sourceTree = "<group>"; };
		A412C87727632C0500900985 /* DataManager.h */ = {isa = PBXFileReference; lastKnownFileType = sourcecode.c.h; path = DataManager.h; sourceTree = "<group>"; };
		A412C87827632C0500900985 /* DataManager.m */ = {isa = PBXFileReference; lastKnownFileType = sourcecode.c.objc; path = DataManager.m; sourceTree = "<group>"; };
		A412C87A27632FBA00900985 /* CategoryDataItem.h */ = {isa = PBXFileReference; lastKnownFileType = sourcecode.c.h; path = CategoryDataItem.h; sourceTree = "<group>"; };
		A412C87B27632FBA00900985 /* CategoryDataItem.m */ = {isa = PBXFileReference; lastKnownFileType = sourcecode.c.objc; path = CategoryDataItem.m; sourceTree = "<group>"; };
		A412C87D2763337600900985 /* ObjectDataItem.h */ = {isa = PBXFileReference; lastKnownFileType = sourcecode.c.h; path = ObjectDataItem.h; sourceTree = "<group>"; };
		A412C87E2763337600900985 /* ObjectDataItem.m */ = {isa = PBXFileReference; lastKnownFileType = sourcecode.c.objc; path = ObjectDataItem.m; sourceTree = "<group>"; };
		A412C88127634BDC00900985 /* DataModel.xcdatamodel */ = {isa = PBXFileReference; lastKnownFileType = wrapper.xcdatamodel; path = DataModel.xcdatamodel; sourceTree = "<group>"; };
		A45A34B42762053100079EAE /* Masonry.framework */ = {isa = PBXFileReference; explicitFileType = wrapper.framework; path = Masonry.framework; sourceTree = BUILT_PRODUCTS_DIR; };
		A4E807BC2761D3F5001E6D37 /* What's In.app */ = {isa = PBXFileReference; explicitFileType = wrapper.application; includeInIndex = 0; path = "What's In.app"; sourceTree = BUILT_PRODUCTS_DIR; };
		A4E807BF2761D3F5001E6D37 /* AppDelegate.h */ = {isa = PBXFileReference; lastKnownFileType = sourcecode.c.h; path = AppDelegate.h; sourceTree = "<group>"; };
		A4E807C02761D3F5001E6D37 /* AppDelegate.m */ = {isa = PBXFileReference; lastKnownFileType = sourcecode.c.objc; path = AppDelegate.m; sourceTree = "<group>"; };
		A4E807C22761D3F5001E6D37 /* SceneDelegate.h */ = {isa = PBXFileReference; lastKnownFileType = sourcecode.c.h; path = SceneDelegate.h; sourceTree = "<group>"; };
		A4E807C32761D3F5001E6D37 /* SceneDelegate.m */ = {isa = PBXFileReference; lastKnownFileType = sourcecode.c.objc; path = SceneDelegate.m; sourceTree = "<group>"; };
		A4E807C52761D3F5001E6D37 /* HomeViewController.h */ = {isa = PBXFileReference; lastKnownFileType = sourcecode.c.h; path = HomeViewController.h; sourceTree = "<group>"; };
		A4E807C62761D3F5001E6D37 /* HomeViewController.m */ = {isa = PBXFileReference; lastKnownFileType = sourcecode.c.objc; path = HomeViewController.m; sourceTree = "<group>"; };
		A4E807CB2761D3F6001E6D37 /* Assets.xcassets */ = {isa = PBXFileReference; lastKnownFileType = folder.assetcatalog; path = Assets.xcassets; sourceTree = "<group>"; };
		A4E807CE2761D3F6001E6D37 /* Base */ = {isa = PBXFileReference; lastKnownFileType = file.storyboard; name = Base; path = Base.lproj/LaunchScreen.storyboard; sourceTree = "<group>"; };
		A4E807D02761D3F6001E6D37 /* Info.plist */ = {isa = PBXFileReference; lastKnownFileType = text.plist.xml; path = Info.plist; sourceTree = "<group>"; };
		A4E807D12761D3F6001E6D37 /* main.m */ = {isa = PBXFileReference; lastKnownFileType = sourcecode.c.objc; path = main.m; sourceTree = "<group>"; };
		FCCC3999C29CEF36723A8EEE /* Pods-What's In.release.xcconfig */ = {isa = PBXFileReference; includeInIndex = 1; lastKnownFileType = text.xcconfig; name = "Pods-What's In.release.xcconfig"; path = "Target Support Files/Pods-What's In/Pods-What's In.release.xcconfig"; sourceTree = "<group>"; };
/* End PBXFileReference section */

/* Begin PBXFrameworksBuildPhase section */
		A4E807B92761D3F5001E6D37 /* Frameworks */ = {
			isa = PBXFrameworksBuildPhase;
			buildActionMask = 2147483647;
			files = (
				BB2CBC17E1AC6A7886E2CB3B /* libPods-What's In.a in Frameworks */,
			);
			runOnlyForDeploymentPostprocessing = 0;
		};
/* End PBXFrameworksBuildPhase section */

/* Begin PBXGroup section */
		A4E807B32761D3F5001E6D37 = {
			isa = PBXGroup;
			children = (
				A412C8762763238600900985 /* Location.gpx */,
				A4E807BE2761D3F5001E6D37 /* What's In */,
				A4E807BD2761D3F5001E6D37 /* Products */,
				D20F59EC321465D23970DAA6 /* Pods */,
				E961E6A64F451DCF6B14344A /* Frameworks */,
			);
			sourceTree = "<group>";
		};
		A4E807BD2761D3F5001E6D37 /* Products */ = {
			isa = PBXGroup;
			children = (
				A4E807BC2761D3F5001E6D37 /* What's In.app */,
			);
			name = Products;
			sourceTree = "<group>";
		};
		A4E807BE2761D3F5001E6D37 /* What's In */ = {
			isa = PBXGroup;
			children = (
				A4E807D82761F602001E6D37 /* Components */,
				A4E807BF2761D3F5001E6D37 /* AppDelegate.h */,
				A4E807C02761D3F5001E6D37 /* AppDelegate.m */,
				A4E807C22761D3F5001E6D37 /* SceneDelegate.h */,
				A4E807C32761D3F5001E6D37 /* SceneDelegate.m */,
				A4E807C52761D3F5001E6D37 /* HomeViewController.h */,
				A4E807C62761D3F5001E6D37 /* HomeViewController.m */,
				A4E807CB2761D3F6001E6D37 /* Assets.xcassets */,
				A4E807CD2761D3F6001E6D37 /* LaunchScreen.storyboard */,
				A4E807D02761D3F6001E6D37 /* Info.plist */,
				A4E807D12761D3F6001E6D37 /* main.m */,
				A412C87727632C0500900985 /* DataManager.h */,
				A412C87827632C0500900985 /* DataManager.m */,
				A412C87A27632FBA00900985 /* CategoryDataItem.h */,
				A412C87B27632FBA00900985 /* CategoryDataItem.m */,
				A412C87D2763337600900985 /* ObjectDataItem.h */,
				A412C87E2763337600900985 /* ObjectDataItem.m */,
				A412C88027634BDC00900985 /* DataModel.xcdatamodeld */,
			);
			path = "What's In";
			sourceTree = "<group>";
		};
		A4E807D82761F602001E6D37 /* Components */ = {
			isa = PBXGroup;
			children = (
			);
			path = Components;
			sourceTree = "<group>";
		};
		D20F59EC321465D23970DAA6 /* Pods */ = {
			isa = PBXGroup;
			children = (
				252049017C07C11A911F637E /* Pods-What's In.debug.xcconfig */,
				FCCC3999C29CEF36723A8EEE /* Pods-What's In.release.xcconfig */,
			);
			path = Pods;
			sourceTree = "<group>";
		};
		E961E6A64F451DCF6B14344A /* Frameworks */ = {
			isa = PBXGroup;
			children = (
				A45A34B42762053100079EAE /* Masonry.framework */,
				10CF6C799D0E54768297B892 /* libPods-What's In.a */,
			);
			name = Frameworks;
			sourceTree = "<group>";
		};
/* End PBXGroup section */

/* Begin PBXNativeTarget section */
		A4E807BB2761D3F5001E6D37 /* What's In */ = {
			isa = PBXNativeTarget;
			buildConfigurationList = A4E807D52761D3F6001E6D37 /* Build configuration list for PBXNativeTarget "What's In" */;
			buildPhases = (
				3413042C296815B154C00410 /* [CP] Check Pods Manifest.lock */,
				A4E807B82761D3F5001E6D37 /* Sources */,
				A4E807B92761D3F5001E6D37 /* Frameworks */,
				A4E807BA2761D3F5001E6D37 /* Resources */,
			);
			buildRules = (
			);
			dependencies = (
			);
			name = "What's In";
			productName = "What's In";
			productReference = A4E807BC2761D3F5001E6D37 /* What's In.app */;
			productType = "com.apple.product-type.application";
		};
/* End PBXNativeTarget section */

/* Begin PBXProject section */
		A4E807B42761D3F5001E6D37 /* Project object */ = {
			isa = PBXProject;
			attributes = {
				BuildIndependentTargetsInParallel = 1;
				LastUpgradeCheck = 1310;
				TargetAttributes = {
					A4E807BB2761D3F5001E6D37 = {
						CreatedOnToolsVersion = 13.1;
					};
				};
			};
			buildConfigurationList = A4E807B72761D3F5001E6D37 /* Build configuration list for PBXProject "What's In" */;
			compatibilityVersion = "Xcode 13.0";
			developmentRegion = en;
			hasScannedForEncodings = 0;
			knownRegions = (
				en,
				Base,
			);
			mainGroup = A4E807B32761D3F5001E6D37;
			productRefGroup = A4E807BD2761D3F5001E6D37 /* Products */;
			projectDirPath = "";
			projectRoot = "";
			targets = (
				A4E807BB2761D3F5001E6D37 /* What's In */,
			);
		};
/* End PBXProject section */

/* Begin PBXResourcesBuildPhase section */
		A4E807BA2761D3F5001E6D37 /* Resources */ = {
			isa = PBXResourcesBuildPhase;
			buildActionMask = 2147483647;
			files = (
				A4E807CF2761D3F6001E6D37 /* LaunchScreen.storyboard in Resources */,
				A4E807CC2761D3F6001E6D37 /* Assets.xcassets in Resources */,
			);
			runOnlyForDeploymentPostprocessing = 0;
		};
/* End PBXResourcesBuildPhase section */

/* Begin PBXShellScriptBuildPhase section */
		3413042C296815B154C00410 /* [CP] Check Pods Manifest.lock */ = {
			isa = PBXShellScriptBuildPhase;
			buildActionMask = 2147483647;
			files = (
			);
			inputFileListPaths = (
			);
			inputPaths = (
				"${PODS_PODFILE_DIR_PATH}/Podfile.lock",
				"${PODS_ROOT}/Manifest.lock",
			);
			name = "[CP] Check Pods Manifest.lock";
			outputFileListPaths = (
			);
			outputPaths = (
				"$(DERIVED_FILE_DIR)/Pods-What's In-checkManifestLockResult.txt",
			);
			runOnlyForDeploymentPostprocessing = 0;
			shellPath = /bin/sh;
			shellScript = "diff \"${PODS_PODFILE_DIR_PATH}/Podfile.lock\" \"${PODS_ROOT}/Manifest.lock\" > /dev/null\nif [ $? != 0 ] ; then\n    # print error to STDERR\n    echo \"error: The sandbox is not in sync with the Podfile.lock. Run 'pod install' or update your CocoaPods installation.\" >&2\n    exit 1\nfi\n# This output is used by Xcode 'outputs' to avoid re-running this script phase.\necho \"SUCCESS\" > \"${SCRIPT_OUTPUT_FILE_0}\"\n";
			showEnvVarsInLog = 0;
		};
/* End PBXShellScriptBuildPhase section */

/* Begin PBXSourcesBuildPhase section */
		A4E807B82761D3F5001E6D37 /* Sources */ = {
			isa = PBXSourcesBuildPhase;
			buildActionMask = 2147483647;
			files = (
				A4E807C72761D3F5001E6D37 /* HomeViewController.m in Sources */,
				A412C88227634BDC00900985 /* DataModel.xcdatamodeld in Sources */,
				A412C87C27632FBA00900985 /* CategoryDataItem.m in Sources */,
				A412C87927632C0500900985 /* DataManager.m in Sources */,
				A412C87F2763337600900985 /* ObjectDataItem.m in Sources */,
				A4E807C12761D3F5001E6D37 /* AppDelegate.m in Sources */,
				A4E807D22761D3F6001E6D37 /* main.m in Sources */,
				A4E807C42761D3F5001E6D37 /* SceneDelegate.m in Sources */,
			);
			runOnlyForDeploymentPostprocessing = 0;
		};
/* End PBXSourcesBuildPhase section */

/* Begin PBXVariantGroup section */
		A4E807CD2761D3F6001E6D37 /* LaunchScreen.storyboard */ = {
			isa = PBXVariantGroup;
			children = (
				A4E807CE2761D3F6001E6D37 /* Base */,
			);
			name = LaunchScreen.storyboard;
			sourceTree = "<group>";
		};
/* End PBXVariantGroup section */

/* Begin XCBuildConfiguration section */
		A4E807D32761D3F6001E6D37 /* Debug */ = {
			isa = XCBuildConfiguration;
			buildSettings = {
				ALWAYS_SEARCH_USER_PATHS = NO;
				CLANG_ANALYZER_NONNULL = YES;
				CLANG_ANALYZER_NUMBER_OBJECT_CONVERSION = YES_AGGRESSIVE;
				CLANG_CXX_LANGUAGE_STANDARD = "gnu++17";
				CLANG_CXX_LIBRARY = "libc++";
				CLANG_ENABLE_MODULES = YES;
				CLANG_ENABLE_OBJC_ARC = YES;
				CLANG_ENABLE_OBJC_WEAK = YES;
				CLANG_WARN_BLOCK_CAPTURE_AUTORELEASING = YES;
				CLANG_WARN_BOOL_CONVERSION = YES;
				CLANG_WARN_COMMA = YES;
				CLANG_WARN_CONSTANT_CONVERSION = YES;
				CLANG_WARN_DEPRECATED_OBJC_IMPLEMENTATIONS = YES;
				CLANG_WARN_DIRECT_OBJC_ISA_USAGE = YES_ERROR;
				CLANG_WARN_DOCUMENTATION_COMMENTS = YES;
				CLANG_WARN_EMPTY_BODY = YES;
				CLANG_WARN_ENUM_CONVERSION = YES;
				CLANG_WARN_INFINITE_RECURSION = YES;
				CLANG_WARN_INT_CONVERSION = YES;
				CLANG_WARN_NON_LITERAL_NULL_CONVERSION = YES;
				CLANG_WARN_OBJC_IMPLICIT_RETAIN_SELF = YES;
				CLANG_WARN_OBJC_LITERAL_CONVERSION = YES;
				CLANG_WARN_OBJC_ROOT_CLASS = YES_ERROR;
				CLANG_WARN_QUOTED_INCLUDE_IN_FRAMEWORK_HEADER = YES;
				CLANG_WARN_RANGE_LOOP_ANALYSIS = YES;
				CLANG_WARN_STRICT_PROTOTYPES = YES;
				CLANG_WARN_SUSPICIOUS_MOVE = YES;
				CLANG_WARN_UNGUARDED_AVAILABILITY = YES_AGGRESSIVE;
				CLANG_WARN_UNREACHABLE_CODE = YES;
				CLANG_WARN__DUPLICATE_METHOD_MATCH = YES;
				COPY_PHASE_STRIP = NO;
				DEBUG_INFORMATION_FORMAT = dwarf;
				ENABLE_STRICT_OBJC_MSGSEND = YES;
				ENABLE_TESTABILITY = YES;
				GCC_C_LANGUAGE_STANDARD = gnu11;
				GCC_DYNAMIC_NO_PIC = NO;
				GCC_NO_COMMON_BLOCKS = YES;
				GCC_OPTIMIZATION_LEVEL = 0;
				GCC_PREPROCESSOR_DEFINITIONS = (
					"DEBUG=1",
					"$(inherited)",
				);
				GCC_WARN_64_TO_32_BIT_CONVERSION = YES;
				GCC_WARN_ABOUT_RETURN_TYPE = YES_ERROR;
				GCC_WARN_UNDECLARED_SELECTOR = YES;
				GCC_WARN_UNINITIALIZED_AUTOS = YES_AGGRESSIVE;
				GCC_WARN_UNUSED_FUNCTION = YES;
				GCC_WARN_UNUSED_VARIABLE = YES;
				IPHONEOS_DEPLOYMENT_TARGET = 15.0;
				MTL_ENABLE_DEBUG_INFO = INCLUDE_SOURCE;
				MTL_FAST_MATH = YES;
				ONLY_ACTIVE_ARCH = YES;
				SDKROOT = iphoneos;
			};
			name = Debug;
		};
		A4E807D42761D3F6001E6D37 /* Release */ = {
			isa = XCBuildConfiguration;
			buildSettings = {
				ALWAYS_SEARCH_USER_PATHS = NO;
				CLANG_ANALYZER_NONNULL = YES;
				CLANG_ANALYZER_NUMBER_OBJECT_CONVERSION = YES_AGGRESSIVE;
				CLANG_CXX_LANGUAGE_STANDARD = "gnu++17";
				CLANG_CXX_LIBRARY = "libc++";
				CLANG_ENABLE_MODULES = YES;
				CLANG_ENABLE_OBJC_ARC = YES;
				CLANG_ENABLE_OBJC_WEAK = YES;
				CLANG_WARN_BLOCK_CAPTURE_AUTORELEASING = YES;
				CLANG_WARN_BOOL_CONVERSION = YES;
				CLANG_WARN_COMMA = YES;
				CLANG_WARN_CONSTANT_CONVERSION = YES;
				CLANG_WARN_DEPRECATED_OBJC_IMPLEMENTATIONS = YES;
				CLANG_WARN_DIRECT_OBJC_ISA_USAGE = YES_ERROR;
				CLANG_WARN_DOCUMENTATION_COMMENTS = YES;
				CLANG_WARN_EMPTY_BODY = YES;
				CLANG_WARN_ENUM_CONVERSION = YES;
				CLANG_WARN_INFINITE_RECURSION = YES;
				CLANG_WARN_INT_CONVERSION = YES;
				CLANG_WARN_NON_LITERAL_NULL_CONVERSION = YES;
				CLANG_WARN_OBJC_IMPLICIT_RETAIN_SELF = YES;
				CLANG_WARN_OBJC_LITERAL_CONVERSION = YES;
				CLANG_WARN_OBJC_ROOT_CLASS = YES_ERROR;
				CLANG_WARN_QUOTED_INCLUDE_IN_FRAMEWORK_HEADER = YES;
				CLANG_WARN_RANGE_LOOP_ANALYSIS = YES;
				CLANG_WARN_STRICT_PROTOTYPES = YES;
				CLANG_WARN_SUSPICIOUS_MOVE = YES;
				CLANG_WARN_UNGUARDED_AVAILABILITY = YES_AGGRESSIVE;
				CLANG_WARN_UNREACHABLE_CODE = YES;
				CLANG_WARN__DUPLICATE_METHOD_MATCH = YES;
				COPY_PHASE_STRIP = NO;
				DEBUG_INFORMATION_FORMAT = "dwarf-with-dsym";
				ENABLE_NS_ASSERTIONS = NO;
				ENABLE_STRICT_OBJC_MSGSEND = YES;
				GCC_C_LANGUAGE_STANDARD = gnu11;
				GCC_NO_COMMON_BLOCKS = YES;
				GCC_WARN_64_TO_32_BIT_CONVERSION = YES;
				GCC_WARN_ABOUT_RETURN_TYPE = YES_ERROR;
				GCC_WARN_UNDECLARED_SELECTOR = YES;
				GCC_WARN_UNINITIALIZED_AUTOS = YES_AGGRESSIVE;
				GCC_WARN_UNUSED_FUNCTION = YES;
				GCC_WARN_UNUSED_VARIABLE = YES;
				IPHONEOS_DEPLOYMENT_TARGET = 15.0;
				MTL_ENABLE_DEBUG_INFO = NO;
				MTL_FAST_MATH = YES;
				SDKROOT = iphoneos;
				VALIDATE_PRODUCT = YES;
			};
			name = Release;
		};
		A4E807D62761D3F6001E6D37 /* Debug */ = {
			isa = XCBuildConfiguration;
			baseConfigurationReference = 252049017C07C11A911F637E /* Pods-What's In.debug.xcconfig */;
			buildSettings = {
				ASSETCATALOG_COMPILER_APPICON_NAME = AppIcon;
				ASSETCATALOG_COMPILER_GLOBAL_ACCENT_COLOR_NAME = AccentColor;
				CODE_SIGN_STYLE = Automatic;
				CURRENT_PROJECT_VERSION = 1;
				DEVELOPMENT_TEAM = GEGB4GAEEL;
				GENERATE_INFOPLIST_FILE = YES;
				INFOPLIST_FILE = "What's In/Info.plist";
				INFOPLIST_KEY_UIApplicationSupportsIndirectInputEvents = YES;
				INFOPLIST_KEY_UILaunchStoryboardName = LaunchScreen;
				INFOPLIST_KEY_UISupportedInterfaceOrientations_iPad = "UIInterfaceOrientationPortrait UIInterfaceOrientationPortraitUpsideDown UIInterfaceOrientationLandscapeLeft UIInterfaceOrientationLandscapeRight";
				INFOPLIST_KEY_UISupportedInterfaceOrientations_iPhone = "UIInterfaceOrientationPortrait UIInterfaceOrientationLandscapeLeft UIInterfaceOrientationLandscapeRight";
				IPHONEOS_DEPLOYMENT_TARGET = 14.7;
				LD_RUNPATH_SEARCH_PATHS = (
					"$(inherited)",
					"@executable_path/Frameworks",
				);
				MARKETING_VERSION = 1.0;
				PRODUCT_BUNDLE_IDENTIFIER = "com.lucas.What-s-In";
				PRODUCT_NAME = "$(TARGET_NAME)";
				SWIFT_EMIT_LOC_STRINGS = YES;
				TARGETED_DEVICE_FAMILY = "1,2";
			};
			name = Debug;
		};
		A4E807D72761D3F6001E6D37 /* Release */ = {
			isa = XCBuildConfiguration;
			baseConfigurationReference = FCCC3999C29CEF36723A8EEE /* Pods-What's In.release.xcconfig */;
			buildSettings = {
				ASSETCATALOG_COMPILER_APPICON_NAME = AppIcon;
				ASSETCATALOG_COMPILER_GLOBAL_ACCENT_COLOR_NAME = AccentColor;
				CODE_SIGN_STYLE = Automatic;
				CURRENT_PROJECT_VERSION = 1;
				DEVELOPMENT_TEAM = GEGB4GAEEL;
				GENERATE_INFOPLIST_FILE = YES;
				INFOPLIST_FILE = "What's In/Info.plist";
				INFOPLIST_KEY_UIApplicationSupportsIndirectInputEvents = YES;
				INFOPLIST_KEY_UILaunchStoryboardName = LaunchScreen;
				INFOPLIST_KEY_UISupportedInterfaceOrientations_iPad = "UIInterfaceOrientationPortrait UIInterfaceOrientationPortraitUpsideDown UIInterfaceOrientationLandscapeLeft UIInterfaceOrientationLandscapeRight";
				INFOPLIST_KEY_UISupportedInterfaceOrientations_iPhone = "UIInterfaceOrientationPortrait UIInterfaceOrientationLandscapeLeft UIInterfaceOrientationLandscapeRight";
				IPHONEOS_DEPLOYMENT_TARGET = 14.7;
				LD_RUNPATH_SEARCH_PATHS = (
					"$(inherited)",
					"@executable_path/Frameworks",
				);
				MARKETING_VERSION = 1.0;
				PRODUCT_BUNDLE_IDENTIFIER = "com.lucas.What-s-In";
				PRODUCT_NAME = "$(TARGET_NAME)";
				SWIFT_EMIT_LOC_STRINGS = YES;
				TARGETED_DEVICE_FAMILY = "1,2";
			};
			name = Release;
		};
/* End XCBuildConfiguration section */

/* Begin XCConfigurationList section */
		A4E807B72761D3F5001E6D37 /* Build configuration list for PBXProject "What's In" */ = {
			isa = XCConfigurationList;
			buildConfigurations = (
				A4E807D32761D3F6001E6D37 /* Debug */,
				A4E807D42761D3F6001E6D37 /* Release */,
			);
			defaultConfigurationIsVisible = 0;
			defaultConfigurationName = Release;
		};
		A4E807D52761D3F6001E6D37 /* Build configuration list for PBXNativeTarget "What's In" */ = {
			isa = XCConfigurationList;
			buildConfigurations = (
				A4E807D62761D3F6001E6D37 /* Debug */,
				A4E807D72761D3F6001E6D37 /* Release */,
			);
			defaultConfigurationIsVisible = 0;
			defaultConfigurationName = Release;
		};
/* End XCConfigurationList section */

/* Begin XCVersionGroup section */
		A412C88027634BDC00900985 /* DataModel.xcdatamodeld */ = {
			isa = XCVersionGroup;
			children = (
				A412C88127634BDC00900985 /* DataModel.xcdatamodel */,
			);
			currentVersion = A412C88127634BDC00900985 /* DataModel.xcdatamodel */;
			path = DataModel.xcdatamodeld;
			sourceTree = "<group>";
			versionGroupType = wrapper.xcdatamodel;
		};
/* End XCVersionGroup section */
	};
	rootObject = A4E807B42761D3F5001E6D37 /* Project object */;
}
